
Microsoft Visual Studio Solution File, Format Version 12.00
# Visual Studio Version 16
VisualStudioVersion = 16.0.32901.82
MinimumVisualStudioVersion = 10.0.40219.1
Project("{8BC9CEB8-8B4A-11D0-8D11-00A0C91BC942}") = "test_10_7", "test_10_7\test_10_7.vcxproj", "{BFCB952E-E6C5-41F0-9808-BC560C4B29F2}"
EndProject
Global
	GlobalSection(SolutionConfigurationPlatforms) = preSolution
		Debug|x64 = Debug|x64
		Debug|x86 = Debug|x86
		Release|x64 = Release|x64
		Release|x86 = Release|x86
	EndGlobalSection
	GlobalSection(ProjectConfigurationPlatforms) = postSolution
		{BFCB952E-E6C5-41F0-9808-BC560C4B29F2}.Debug|x64.ActiveCfg = Debug|x64
		{BFCB952E-E6C5-41F0-9808-BC560C4B29F2}.Debug|x64.Build.0 = Debug|x64
		{BFCB952E-E6C5-41F0-9808-BC560C4B29F2}.Debug|x86.ActiveCfg = Debug|Win32
		{BFCB952E-E6C5-41F0-9808-BC560C4B29F2}.Debug|x86.Build.0 = Debug|Win32
		{BFCB952E-E6C5-41F0-9808-BC560C4B29F2}.Release|x64.ActiveCfg = Release|x64
		{BFCB952E-E6C5-41F0-9808-BC560C4B29F2}.Release|x64.Build.0 = Release|x64
		{BFCB952E-E6C5-41F0-9808-BC560C4B29F2}.Release|x86.ActiveCfg = Release|Win32
		{BFCB952E-E6C5-41F0-9808-BC560C4B29F2}.Release|x86.Build.0 = Release|Win32
	EndGlobalSection
	GlobalSection(SolutionProperties) = preSolution
		HideSolutionNode = FALSE
	EndGlobalSection
	GlobalSection(ExtensibilityGlobals) = postSolution
		SolutionGuid = {EAA7A16A-150E-4180-90A2-0AA006AB4A30}
	EndGlobalSection
EndGlobal
